uuid: 440c47b9-e189-41f6-b7b9-ba88a0554f8f
langcode: pt-br
status: true
dependencies:
  config:
    - views.view.who_s_online
  module:
    - views
  theme:
    - olivero
id: olivero_views_block__who_s_online_who_s_online_block
theme: olivero
region: sidebar
weight: 0
provider: null
plugin: 'views_block:who_s_online-who_s_online_block'
settings:
  id: 'views_block:who_s_online-who_s_online_block'
  label: ''
  label_display: visible
  provider: views
  views_label: ''
  items_per_page: none
visibility: {  }
